// !$*UTF8*$!
{
	archiveVersion = 1;
	classes = {
	};
	objectVersion = 46;
	objects = {

/* Begin PBXBuildFile section */
		ABF2AEEA18BF451800E0D4D4 /* Foundation.framework in Frameworks */ = {isa = PBXBuildFile; fileRef = ABF2AEE918BF451800E0D4D4 /* Foundation.framework */; };
		ABF2AEEC18BF451800E0D4D4 /* CoreGraphics.framework in Frameworks */ = {isa = PBXBuildFile; fileRef = ABF2AEEB18BF451800E0D4D4 /* CoreGraphics.framework */; };
		ABF2AEEE18BF451800E0D4D4 /* UIKit.framework in Frameworks */ = {isa = PBXBuildFile; fileRef = ABF2AEED18BF451800E0D4D4 /* UIKit.framework */; };
		ABF2AEF418BF451800E0D4D4 /* InfoPlist.strings in Resources */ = {isa = PBXBuildFile; fileRef = ABF2AEF218BF451800E0D4D4 /* InfoPlist.strings */; };
		ABF2AEF618BF451800E0D4D4 /* main.m in Sources */ = {isa = PBXBuildFile; fileRef = ABF2AEF518BF451800E0D4D4 /* main.m */; };
		ABF2AEFA18BF451800E0D4D4 /* AppDelegate.m in Sources */ = {isa = PBXBuildFile; fileRef = ABF2AEF918BF451800E0D4D4 /* AppDelegate.m */; };
		ABF2AEFD18BF451800E0D4D4 /* Main.storyboard in Resources */ = {isa = PBXBuildFile; fileRef = ABF2AEFB18BF451800E0D4D4 /* Main.storyboard */; };
		ABF2AF0018BF451800E0D4D4 /* ViewController.m in Sources */ = {isa = PBXBuildFile; fileRef = ABF2AEFF18BF451800E0D4D4 /* ViewController.m */; };
		ABF2AF0218BF451800E0D4D4 /* Images.xcassets in Resources */ = {isa = PBXBuildFile; fileRef = ABF2AF0118BF451800E0D4D4 /* Images.xcassets */; };
		ABF2AF0918BF451800E0D4D4 /* XCTest.framework in Frameworks */ = {isa = PBXBuildFile; fileRef = ABF2AF0818BF451800E0D4D4 /* XCTest.framework */; };
		ABF2AF0A18BF451800E0D4D4 /* Foundation.framework in Frameworks */ = {isa = PBXBuildFile; fileRef = ABF2AEE918BF451800E0D4D4 /* Foundation.framework */; };
		ABF2AF0B18BF451800E0D4D4 /* UIKit.framework in Frameworks */ = {isa = PBXBuildFile; fileRef = ABF2AEED18BF451800E0D4D4 /* UIKit.framework */; };
		ABF2AF1318BF451800E0D4D4 /* InfoPlist.strings in Resources */ = {isa = PBXBuildFile; fileRef = ABF2AF1118BF451800E0D4D4 /* InfoPlist.strings */; };
		ABF2AF1518BF451800E0D4D4 /* TestNetworkTests.m in Sources */ = {isa = PBXBuildFile; fileRef = ABF2AF1418BF451800E0D4D4 /* TestNetworkTests.m */; };
		ABF2AF3318BF486400E0D4D4 /* AFHTTPRequestOperation.m in Sources */ = {isa = PBXBuildFile; fileRef = ABF2AF2118BF486300E0D4D4 /* AFHTTPRequestOperation.m */; };
		ABF2AF3418BF486400E0D4D4 /* AFHTTPRequestOperationManager.m in Sources */ = {isa = PBXBuildFile; fileRef = ABF2AF2318BF486300E0D4D4 /* AFHTTPRequestOperationManager.m */; };
		ABF2AF3518BF486400E0D4D4 /* AFHTTPSessionManager.m in Sources */ = {isa = PBXBuildFile; fileRef = ABF2AF2518BF486300E0D4D4 /* AFHTTPSessionManager.m */; };
		ABF2AF3618BF486400E0D4D4 /* AFNetworkReachabilityManager.m in Sources */ = {isa = PBXBuildFile; fileRef = ABF2AF2818BF486300E0D4D4 /* AFNetworkReachabilityManager.m */; };
		ABF2AF3718BF486400E0D4D4 /* AFSecurityPolicy.m in Sources */ = {isa = PBXBuildFile; fileRef = ABF2AF2A18BF486300E0D4D4 /* AFSecurityPolicy.m */; };
		ABF2AF3818BF486400E0D4D4 /* AFURLConnectionOperation.m in Sources */ = {isa = PBXBuildFile; fileRef = ABF2AF2C18BF486300E0D4D4 /* AFURLConnectionOperation.m */; };
		ABF2AF3918BF486400E0D4D4 /* AFURLRequestSerialization.m in Sources */ = {isa = PBXBuildFile; fileRef = ABF2AF2E18BF486300E0D4D4 /* AFURLRequestSerialization.m */; };
		ABF2AF3A18BF486400E0D4D4 /* AFURLResponseSerialization.m in Sources */ = {isa = PBXBuildFile; fileRef = ABF2AF3018BF486300E0D4D4 /* AFURLResponseSerialization.m */; };
		ABF2AF3B18BF486400E0D4D4 /* AFURLSessionManager.m in Sources */ = {isa = PBXBuildFile; fileRef = ABF2AF3218BF486400E0D4D4 /* AFURLSessionManager.m */; };
		ABF2AF3E18BF5D0600E0D4D4 /* MyRequest.m in Sources */ = {isa = PBXBuildFile; fileRef = ABF2AF3D18BF5D0600E0D4D4 /* MyRequest.m */; };
		ABF2AF4318BF6BB500E0D4D4 /* MyCell.xib in Resources */ = {isa = PBXBuildFile; fileRef = ABF2AF4218BF6BB500E0D4D4 /* MyCell.xib */; };
		ABF2AF4618BF6D6100E0D4D4 /* MyCell.m in Sources */ = {isa = PBXBuildFile; fileRef = ABF2AF4518BF6D6100E0D4D4 /* MyCell.m */; };
/* End PBXBuildFile section */

/* Begin PBXContainerItemProxy section */
		ABF2AF0C18BF451800E0D4D4 /* PBXContainerItemProxy */ = {
			isa = PBXContainerItemProxy;
			containerPortal = ABF2AEDE18BF451800E0D4D4 /* Project object */;
			proxyType = 1;
			remoteGlobalIDString = ABF2AEE518BF451800E0D4D4;
			remoteInfo = TestNetwork;
		};
/* End PBXContainerItemProxy section */

/* Begin PBXFileReference section */
		ABF2AEE618BF451800E0D4D4 /* TestNetwork.app */ = {isa = PBXFileReference; explicitFileType = wrapper.application; includeInIndex = 0; path = TestNetwork.app; sourceTree = BUILT_PRODUCTS_DIR; };
		ABF2AEE918BF451800E0D4D4 /* Foundation.framework */ = {isa = PBXFileReference; lastKnownFileType = wrapper.framework; name = Foundation.framework; path = System/Library/Frameworks/Foundation.framework; sourceTree = SDKROOT; };
		ABF2AEEB18BF451800E0D4D4 /* CoreGraphics.framework */ = {isa = PBXFileReference; lastKnownFileType = wrapper.framework; name = CoreGraphics.framework; path = System/Library/Frameworks/CoreGraphics.framework; sourceTree = SDKROOT; };
		ABF2AEED18BF451800E0D4D4 /* UIKit.framework */ = {isa = PBXFileReference; lastKnownFileType = wrapper.framework; name = UIKit.framework; path = System/Library/Frameworks/UIKit.framework; sourceTree = SDKROOT; };
		ABF2AEF118BF451800E0D4D4 /* TestNetwork-Info.plist */ = {isa = PBXFileReference; lastKnownFileType = text.plist.xml; path = "TestNetwork-Info.plist"; sourceTree = "<group>"; };
		ABF2AEF318BF451800E0D4D4 /* en */ = {isa = PBXFileReference; lastKnownFileType = text.plist.strings; name = en; path = en.lproj/InfoPlist.strings; sourceTree = "<group>"; };
		ABF2AEF518BF451800E0D4D4 /* main.m */ = {isa = PBXFileReference; lastKnownFileType = sourcecode.c.objc; path = main.m; sourceTree = "<group>"; };
		ABF2AEF718BF451800E0D4D4 /* TestNetwork-Prefix.pch */ = {isa = PBXFileReference; lastKnownFileType = sourcecode.c.h; path = "TestNetwork-Prefix.pch"; sourceTree = "<group>"; };
		ABF2AEF818BF451800E0D4D4 /* AppDelegate.h */ = {isa = PBXFileReference; lastKnownFileType = sourcecode.c.h; path = AppDelegate.h; sourceTree = "<group>"; };
		ABF2AEF918BF451800E0D4D4 /* AppDelegate.m */ = {isa = PBXFileReference; lastKnownFileType = sourcecode.c.objc; path = AppDelegate.m; sourceTree = "<group>"; };
		ABF2AEFC18BF451800E0D4D4 /* Base */ = {isa = PBXFileReference; lastKnownFileType = file.storyboard; name = Base; path = Base.lproj/Main.storyboard; sourceTree = "<group>"; };
		ABF2AEFE18BF451800E0D4D4 /* ViewController.h */ = {isa = PBXFileReference; lastKnownFileType = sourcecode.c.h; path = ViewController.h; sourceTree = "<group>"; };
		ABF2AEFF18BF451800E0D4D4 /* ViewController.m */ = {isa = PBXFileReference; lastKnownFileType = sourcecode.c.objc; path = ViewController.m; sourceTree = "<group>"; };
		ABF2AF0118BF451800E0D4D4 /* Images.xcassets */ = {isa = PBXFileReference; lastKnownFileType = folder.assetcatalog; path = Images.xcassets; sourceTree = "<group>"; };
		ABF2AF0718BF451800E0D4D4 /* TestNetworkTests.xctest */ = {isa = PBXFileReference; explicitFileType = wrapper.cfbundle; includeInIndex = 0; path = TestNetworkTests.xctest; sourceTree = BUILT_PRODUCTS_DIR; };
		ABF2AF0818BF451800E0D4D4 /* XCTest.framework */ = {isa = PBXFileReference; lastKnownFileType = wrapper.framework; name = XCTest.framework; path = Library/Frameworks/XCTest.framework; sourceTree = DEVELOPER_DIR; };
		ABF2AF1018BF451800E0D4D4 /* TestNetworkTests-Info.plist */ = {isa = PBXFileReference; lastKnownFileType = text.plist.xml; path = "TestNetworkTests-Info.plist"; sourceTree = "<group>"; };
		ABF2AF1218BF451800E0D4D4 /* en */ = {isa = PBXFileReference; lastKnownFileType = text.plist.strings; name = en; path = en.lproj/InfoPlist.strings; sourceTree = "<group>"; };
		ABF2AF1418BF451800E0D4D4 /* TestNetworkTests.m */ = {isa = PBXFileReference; lastKnownFileType = sourcecode.c.objc; path = TestNetworkTests.m; sourceTree = "<group>"; };
		ABF2AF2018BF486300E0D4D4 /* AFHTTPRequestOperation.h */ = {isa = PBXFileReference; fileEncoding = 4; lastKnownFileType = sourcecode.c.h; path = AFHTTPRequestOperation.h; sourceTree = "<group>"; };
		ABF2AF2118BF486300E0D4D4 /* AFHTTPRequestOperation.m */ = {isa = PBXFileReference; fileEncoding = 4; lastKnownFileType = sourcecode.c.objc; path = AFHTTPRequestOperation.m; sourceTree = "<group>"; };
		ABF2AF2218BF486300E0D4D4 /* AFHTTPRequestOperationManager.h */ = {isa = PBXFileReference; fileEncoding = 4; lastKnownFileType = sourcecode.c.h; path = AFHTTPRequestOperationManager.h; sourceTree = "<group>"; };
		ABF2AF2318BF486300E0D4D4 /* AFHTTPRequestOperationManager.m */ = {isa = PBXFileReference; fileEncoding = 4; lastKnownFileType = sourcecode.c.objc; path = AFHTTPRequestOperationManager.m; sourceTree = "<group>"; };
		ABF2AF2418BF486300E0D4D4 /* AFHTTPSessionManager.h */ = {isa = PBXFileReference; fileEncoding = 4; lastKnownFileType = sourcecode.c.h; path = AFHTTPSessionManager.h; sourceTree = "<group>"; };
		ABF2AF2518BF486300E0D4D4 /* AFHTTPSessionManager.m */ = {isa = PBXFileReference; fileEncoding = 4; lastKnownFileType = sourcecode.c.objc; path = AFHTTPSessionManager.m; sourceTree = "<group>"; };
		ABF2AF2618BF486300E0D4D4 /* AFNetworking.h */ = {isa = PBXFileReference; fileEncoding = 4; lastKnownFileType = sourcecode.c.h; path = AFNetworking.h; sourceTree = "<group>"; };
		ABF2AF2718BF486300E0D4D4 /* AFNetworkReachabilityManager.h */ = {isa = PBXFileReference; fileEncoding = 4; lastKnownFileType = sourcecode.c.h; path = AFNetworkReachabilityManager.h; sourceTree = "<group>"; };
		ABF2AF2818BF486300E0D4D4 /* AFNetworkReachabilityManager.m */ = {isa = PBXFileReference; fileEncoding = 4; lastKnownFileType = sourcecode.c.objc; path = AFNetworkReachabilityManager.m; sourceTree = "<group>"; };
		ABF2AF2918BF486300E0D4D4 /* AFSecurityPolicy.h */ = {isa = PBXFileReference; fileEncoding = 4; lastKnownFileType = sourcecode.c.h; path = AFSecurityPolicy.h; sourceTree = "<group>"; };
		ABF2AF2A18BF486300E0D4D4 /* AFSecurityPolicy.m */ = {isa = PBXFileReference; fileEncoding = 4; lastKnownFileType = sourcecode.c.objc; path = AFSecurityPolicy.m; sourceTree = "<group>"; };
		ABF2AF2B18BF486300E0D4D4 /* AFURLConnectionOperation.h */ = {isa = PBXFileReference; fileEncoding = 4; lastKnownFileType = sourcecode.c.h; path = AFURLConnectionOperation.h; sourceTree = "<group>"; };
		ABF2AF2C18BF486300E0D4D4 /* AFURLConnectionOperation.m */ = {isa = PBXFileReference; fileEncoding = 4; lastKnownFileType = sourcecode.c.objc; path = AFURLConnectionOperation.m; sourceTree = "<group>"; };
		ABF2AF2D18BF486300E0D4D4 /* AFURLRequestSerialization.h */ = {isa = PBXFileReference; fileEncoding = 4; lastKnownFileType = sourcecode.c.h; path = AFURLRequestSerialization.h; sourceTree = "<group>"; };
		ABF2AF2E18BF486300E0D4D4 /* AFURLRequestSerialization.m */ = {isa = PBXFileReference; fileEncoding = 4; lastKnownFileType = sourcecode.c.objc; path = AFURLRequestSerialization.m; sourceTree = "<group>"; };
		ABF2AF2F18BF486300E0D4D4 /* AFURLResponseSerialization.h */ = {isa = PBXFileReference; fileEncoding = 4; lastKnownFileType = sourcecode.c.h; path = AFURLResponseSerialization.h; sourceTree = "<group>"; };
		ABF2AF3018BF486300E0D4D4 /* AFURLResponseSerialization.m */ = {isa = PBXFileReference; fileEncoding = 4; lastKnownFileType = sourcecode.c.objc; path = AFURLResponseSerialization.m; sourceTree = "<group>"; };
		ABF2AF3118BF486400E0D4D4 /* AFURLSessionManager.h */ = {isa = PBXFileReference; fileEncoding = 4; lastKnownFileType = sourcecode.c.h; path = AFURLSessionManager.h; sourceTree = "<group>"; };
		ABF2AF3218BF486400E0D4D4 /* AFURLSessionManager.m */ = {isa = PBXFileReference; fileEncoding = 4; lastKnownFileType = sourcecode.c.objc; path = AFURLSessionManager.m; sourceTree = "<group>"; };
		ABF2AF3C18BF5D0600E0D4D4 /* MyRequest.h */ = {isa = PBXFileReference; fileEncoding = 4; lastKnownFileType = sourcecode.c.h; path = MyRequest.h; sourceTree = "<group>"; };
		ABF2AF3D18BF5D0600E0D4D4 /* MyRequest.m */ = {isa = PBXFileReference; fileEncoding = 4; lastKnownFileType = sourcecode.c.objc; path = MyRequest.m; sourceTree = "<group>"; };
		ABF2AF4218BF6BB500E0D4D4 /* MyCell.xib */ = {isa = PBXFileReference; fileEncoding = 4; lastKnownFileType = file.xib; path = MyCell.xib; sourceTree = "<group>"; };
		ABF2AF4418BF6D6100E0D4D4 /* MyCell.h */ = {isa = PBXFileReference; fileEncoding = 4; lastKnownFileType = sourcecode.c.h; path = MyCell.h; sourceTree = "<group>"; };
		ABF2AF4518BF6D6100E0D4D4 /* MyCell.m */ = {isa = PBXFileReference; fileEncoding = 4; lastKnownFileType = sourcecode.c.objc; path = MyCell.m; sourceTree = "<group>"; };
/* End PBXFileReference section */

/* Begin PBXFrameworksBuildPhase section */
		ABF2AEE318BF451800E0D4D4 /* Frameworks */ = {
			isa = PBXFrameworksBuildPhase;
			buildActionMask = 2147483647;
			files = (
				ABF2AEEC18BF451800E0D4D4 /* CoreGraphics.framework in Frameworks */,
				ABF2AEEE18BF451800E0D4D4 /* UIKit.framework in Frameworks */,
				ABF2AEEA18BF451800E0D4D4 /* Foundation.framework in Frameworks */,
			);
			runOnlyForDeploymentPostprocessing = 0;
		};
		ABF2AF0418BF451800E0D4D4 /* Frameworks */ = {
			isa = PBXFrameworksBuildPhase;
			buildActionMask = 2147483647;
			files = (
				ABF2AF0918BF451800E0D4D4 /* XCTest.framework in Frameworks */,
				ABF2AF0B18BF451800E0D4D4 /* UIKit.framework in Frameworks */,
				ABF2AF0A18BF451800E0D4D4 /* Foundation.framework in Frameworks */,
			);
			runOnlyForDeploymentPostprocessing = 0;
		};
/* End PBXFrameworksBuildPhase section */

/* Begin PBXGroup section */
		ABF2AEDD18BF451800E0D4D4 = {
			isa = PBXGroup;
			children = (
				ABF2AEEF18BF451800E0D4D4 /* TestNetwork */,
				ABF2AF0E18BF451800E0D4D4 /* TestNetworkTests */,
				ABF2AEE818BF451800E0D4D4 /* Frameworks */,
				ABF2AEE718BF451800E0D4D4 /* Products */,
			);
			sourceTree = "<group>";
		};
		ABF2AEE718BF451800E0D4D4 /* Products */ = {
			isa = PBXGroup;
			children = (
				ABF2AEE618BF451800E0D4D4 /* TestNetwork.app */,
				ABF2AF0718BF451800E0D4D4 /* TestNetworkTests.xctest */,
			);
			name = Products;
			sourceTree = "<group>";
		};
		ABF2AEE818BF451800E0D4D4 /* Frameworks */ = {
			isa = PBXGroup;
			children = (
				ABF2AEE918BF451800E0D4D4 /* Foundation.framework */,
				ABF2AEEB18BF451800E0D4D4 /* CoreGraphics.framework */,
				ABF2AEED18BF451800E0D4D4 /* UIKit.framework */,
				ABF2AF0818BF451800E0D4D4 /* XCTest.framework */,
			);
			name = Frameworks;
			sourceTree = "<group>";
		};
		ABF2AEEF18BF451800E0D4D4 /* TestNetwork */ = {
			isa = PBXGroup;
			children = (
				ABF2AF1E18BF486300E0D4D4 /* SDK */,
				ABF2AEF818BF451800E0D4D4 /* AppDelegate.h */,
				ABF2AEF918BF451800E0D4D4 /* AppDelegate.m */,
				ABF2AF3C18BF5D0600E0D4D4 /* MyRequest.h */,
				ABF2AF3D18BF5D0600E0D4D4 /* MyRequest.m */,
				ABF2AEFB18BF451800E0D4D4 /* Main.storyboard */,
				ABF2AEFE18BF451800E0D4D4 /* ViewController.h */,
				ABF2AEFF18BF451800E0D4D4 /* ViewController.m */,
				ABF2AF4418BF6D6100E0D4D4 /* MyCell.h */,
				ABF2AF4518BF6D6100E0D4D4 /* MyCell.m */,
				ABF2AF4218BF6BB500E0D4D4 /* MyCell.xib */,
				ABF2AF0118BF451800E0D4D4 /* Images.xcassets */,
				ABF2AEF018BF451800E0D4D4 /* Supporting Files */,
			);
			path = TestNetwork;
			sourceTree = "<group>";
		};
		ABF2AEF018BF451800E0D4D4 /* Supporting Files */ = {
			isa = PBXGroup;
			children = (
				ABF2AEF118BF451800E0D4D4 /* TestNetwork-Info.plist */,
				ABF2AEF218BF451800E0D4D4 /* InfoPlist.strings */,
				ABF2AEF518BF451800E0D4D4 /* main.m */,
				ABF2AEF718BF451800E0D4D4 /* TestNetwork-Prefix.pch */,
			);
			name = "Supporting Files";
			sourceTree = "<group>";
		};
		ABF2AF0E18BF451800E0D4D4 /* TestNetworkTests */ = {
			isa = PBXGroup;
			children = (
				ABF2AF1418BF451800E0D4D4 /* TestNetworkTests.m */,
				ABF2AF0F18BF451800E0D4D4 /* Supporting Files */,
			);
			path = TestNetworkTests;
			sourceTree = "<group>";
		};
		ABF2AF0F18BF451800E0D4D4 /* Supporting Files */ = {
			isa = PBXGroup;
			children = (
				ABF2AF1018BF451800E0D4D4 /* TestNetworkTests-Info.plist */,
				ABF2AF1118BF451800E0D4D4 /* InfoPlist.strings */,
			);
			name = "Supporting Files";
			sourceTree = "<group>";
		};
		ABF2AF1E18BF486300E0D4D4 /* SDK */ = {
			isa = PBXGroup;
			children = (
				ABF2AF1F18BF486300E0D4D4 /* AFNetworking */,
			);
			path = SDK;
			sourceTree = "<group>";
		};
		ABF2AF1F18BF486300E0D4D4 /* AFNetworking */ = {
			isa = PBXGroup;
			children = (
				ABF2AF2018BF486300E0D4D4 /* AFHTTPRequestOperation.h */,
				ABF2AF2118BF486300E0D4D4 /* AFHTTPRequestOperation.m */,
				ABF2AF2218BF486300E0D4D4 /* AFHTTPRequestOperationManager.h */,
				ABF2AF2318BF486300E0D4D4 /* AFHTTPRequestOperationManager.m */,
				ABF2AF2418BF486300E0D4D4 /* AFHTTPSessionManager.h */,
				ABF2AF2518BF486300E0D4D4 /* AFHTTPSessionManager.m */,
				ABF2AF2618BF486300E0D4D4 /* AFNetworking.h */,
				ABF2AF2718BF486300E0D4D4 /* AFNetworkReachabilityManager.h */,
				ABF2AF2818BF486300E0D4D4 /* AFNetworkReachabilityManager.m */,
				ABF2AF2918BF486300E0D4D4 /* AFSecurityPolicy.h */,
				ABF2AF2A18BF486300E0D4D4 /* AFSecurityPolicy.m */,
				ABF2AF2B18BF486300E0D4D4 /* AFURLConnectionOperation.h */,
				ABF2AF2C18BF486300E0D4D4 /* AFURLConnectionOperation.m */,
				ABF2AF2D18BF486300E0D4D4 /* AFURLRequestSerialization.h */,
				ABF2AF2E18BF486300E0D4D4 /* AFURLRequestSerialization.m */,
				ABF2AF2F18BF486300E0D4D4 /* AFURLResponseSerialization.h */,
				ABF2AF3018BF486300E0D4D4 /* AFURLResponseSerialization.m */,
				ABF2AF3118BF486400E0D4D4 /* AFURLSessionManager.h */,
				ABF2AF3218BF486400E0D4D4 /* AFURLSessionManager.m */,
			);
			path = AFNetworking;
			sourceTree = "<group>";
		};
/* End PBXGroup section */

/* Begin PBXNativeTarget section */
		ABF2AEE518BF451800E0D4D4 /* TestNetwork */ = {
			isa = PBXNativeTarget;
			buildConfigurationList = ABF2AF1818BF451800E0D4D4 /* Build configuration list for PBXNativeTarget "TestNetwork" */;
			buildPhases = (
				ABF2AEE218BF451800E0D4D4 /* Sources */,
				ABF2AEE318BF451800E0D4D4 /* Frameworks */,
				ABF2AEE418BF451800E0D4D4 /* Resources */,
			);
			buildRules = (
			);
			dependencies = (
			);
			name = TestNetwork;
			productName = TestNetwork;
			productReference = ABF2AEE618BF451800E0D4D4 /* TestNetwork.app */;
			productType = "com.apple.product-type.application";
		};
		ABF2AF0618BF451800E0D4D4 /* TestNetworkTests */ = {
			isa = PBXNativeTarget;
			buildConfigurationList = ABF2AF1B18BF451800E0D4D4 /* Build configuration list for PBXNativeTarget "TestNetworkTests" */;
			buildPhases = (
				ABF2AF0318BF451800E0D4D4 /* Sources */,
				ABF2AF0418BF451800E0D4D4 /* Frameworks */,
				ABF2AF0518BF451800E0D4D4 /* Resources */,
			);
			buildRules = (
			);
			dependencies = (
				ABF2AF0D18BF451800E0D4D4 /* PBXTargetDependency */,
			);
			name = TestNetworkTests;
			productName = TestNetworkTests;
			productReference = ABF2AF0718BF451800E0D4D4 /* TestNetworkTests.xctest */;
			productType = "com.apple.product-type.bundle.unit-test";
		};
/* End PBXNativeTarget section */

/* Begin PBXProject section */
		ABF2AEDE18BF451800E0D4D4 /* Project object */ = {
			isa = PBXProject;
			attributes = {
				LastUpgradeCheck = 0500;
				ORGANIZATIONNAME = kewei;
				TargetAttributes = {
					ABF2AF0618BF451800E0D4D4 = {
						TestTargetID = ABF2AEE518BF451800E0D4D4;
					};
				};
			};
			buildConfigurationList = ABF2AEE118BF451800E0D4D4 /* Build configuration list for PBXProject "TestNetwork" */;
			compatibilityVersion = "Xcode 3.2";
			developmentRegion = English;
			hasScannedForEncodings = 0;
			knownRegions = (
				en,
				Base,
			);
			mainGroup = ABF2AEDD18BF451800E0D4D4;
			productRefGroup = ABF2AEE718BF451800E0D4D4 /* Products */;
			projectDirPath = "";
			projectRoot = "";
			targets = (
				ABF2AEE518BF451800E0D4D4 /* TestNetwork */,
				ABF2AF0618BF451800E0D4D4 /* TestNetworkTests */,
			);
		};
/* End PBXProject section */

/* Begin PBXResourcesBuildPhase section */
		ABF2AEE418BF451800E0D4D4 /* Resources */ = {
			isa = PBXResourcesBuildPhase;
			buildActionMask = 2147483647;
			files = (
				ABF2AF0218BF451800E0D4D4 /* Images.xcassets in Resources */,
				ABF2AF4318BF6BB500E0D4D4 /* MyCell.xib in Resources */,
				ABF2AEF418BF451800E0D4D4 /* InfoPlist.strings in Resources */,
				ABF2AEFD18BF451800E0D4D4 /* Main.storyboard in Resources */,
			);
			runOnlyForDeploymentPostprocessing = 0;
		};
		ABF2AF0518BF451800E0D4D4 /* Resources */ = {
			isa = PBXResourcesBuildPhase;
			buildActionMask = 2147483647;
			files = (
				ABF2AF1318BF451800E0D4D4 /* InfoPlist.strings in Resources */,
			);
			runOnlyForDeploymentPostprocessing = 0;
		};
/* End PBXResourcesBuildPhase section */

/* Begin PBXSourcesBuildPhase section */
		ABF2AEE218BF451800E0D4D4 /* Sources */ = {
			isa = PBXSourcesBuildPhase;
			buildActionMask = 2147483647;
			files = (
				ABF2AF3318BF486400E0D4D4 /* AFHTTPRequestOperation.m in Sources */,
				ABF2AF0018BF451800E0D4D4 /* ViewController.m in Sources */,
				ABF2AF3E18BF5D0600E0D4D4 /* MyRequest.m in Sources */,
				ABF2AF3418BF486400E0D4D4 /* AFHTTPRequestOperationManager.m in Sources */,
				ABF2AF3618BF486400E0D4D4 /* AFNetworkReachabilityManager.m in Sources */,
				ABF2AF3A18BF486400E0D4D4 /* AFURLResponseSerialization.m in Sources */,
				ABF2AF3818BF486400E0D4D4 /* AFURLConnectionOperation.m in Sources */,
				ABF2AF3718BF486400E0D4D4 /* AFSecurityPolicy.m in Sources */,
				ABF2AF3518BF486400E0D4D4 /* AFHTTPSessionManager.m in Sources */,
				ABF2AF3918BF486400E0D4D4 /* AFURLRequestSerialization.m in Sources */,
				ABF2AF3B18BF486400E0D4D4 /* AFURLSessionManager.m in Sources */,
				ABF2AEFA18BF451800E0D4D4 /* AppDelegate.m in Sources */,
				ABF2AEF618BF451800E0D4D4 /* main.m in Sources */,
				ABF2AF4618BF6D6100E0D4D4 /* MyCell.m in Sources */,
			);
			runOnlyForDeploymentPostprocessing = 0;
		};
		ABF2AF0318BF451800E0D4D4 /* Sources */ = {
			isa = PBXSourcesBuildPhase;
			buildActionMask = 2147483647;
			files = (
				ABF2AF1518BF451800E0D4D4 /* TestNetworkTests.m in Sources */,
			);
			runOnlyForDeploymentPostprocessing = 0;
		};
/* End PBXSourcesBuildPhase section */

/* Begin PBXTargetDependency section */
		ABF2AF0D18BF451800E0D4D4 /* PBXTargetDependency */ = {
			isa = PBXTargetDependency;
			target = ABF2AEE518BF451800E0D4D4 /* TestNetwork */;
			targetProxy = ABF2AF0C18BF451800E0D4D4 /* PBXContainerItemProxy */;
		};
/* End PBXTargetDependency section */

/* Begin PBXVariantGroup section */
		ABF2AEF218BF451800E0D4D4 /* InfoPlist.strings */ = {
			isa = PBXVariantGroup;
			children = (
				ABF2AEF318BF451800E0D4D4 /* en */,
			);
			name = InfoPlist.strings;
			sourceTree = "<group>";
		};
		ABF2AEFB18BF451800E0D4D4 /* Main.storyboard */ = {
			isa = PBXVariantGroup;
			children = (
				ABF2AEFC18BF451800E0D4D4 /* Base */,
			);
			name = Main.storyboard;
			sourceTree = "<group>";
		};
		ABF2AF1118BF451800E0D4D4 /* InfoPlist.strings */ = {
			isa = PBXVariantGroup;
			children = (
				ABF2AF1218BF451800E0D4D4 /* en */,
			);
			name = InfoPlist.strings;
			sourceTree = "<group>";
		};
/* End PBXVariantGroup section */

/* Begin XCBuildConfiguration section */
		ABF2AF1618BF451800E0D4D4 /* Debug */ = {
			isa = XCBuildConfiguration;
			buildSettings = {
				ALWAYS_SEARCH_USER_PATHS = NO;
				ARCHS = "$(ARCHS_STANDARD_INCLUDING_64_BIT)";
				CLANG_CXX_LANGUAGE_STANDARD = "gnu++0x";
				CLANG_CXX_LIBRARY = "libc++";
				CLANG_ENABLE_MODULES = YES;
				CLANG_ENABLE_OBJC_ARC = YES;
				CLANG_WARN_BOOL_CONVERSION = YES;
				CLANG_WARN_CONSTANT_CONVERSION = YES;
				CLANG_WARN_DIRECT_OBJC_ISA_USAGE = YES_ERROR;
				CLANG_WARN_EMPTY_BODY = YES;
				CLANG_WARN_ENUM_CONVERSION = YES;
				CLANG_WARN_INT_CONVERSION = YES;
				CLANG_WARN_OBJC_ROOT_CLASS = YES_ERROR;
				CLANG_WARN__DUPLICATE_METHOD_MATCH = YES;
				"CODE_SIGN_IDENTITY[sdk=iphoneos*]" = "iPhone Developer";
				COPY_PHASE_STRIP = NO;
				GCC_C_LANGUAGE_STANDARD = gnu99;
				GCC_DYNAMIC_NO_PIC = NO;
				GCC_OPTIMIZATION_LEVEL = 0;
				GCC_PREPROCESSOR_DEFINITIONS = (
					"DEBUG=1",
					"$(inherited)",
				);
				GCC_SYMBOLS_PRIVATE_EXTERN = NO;
				GCC_WARN_64_TO_32_BIT_CONVERSION = YES;
				GCC_WARN_ABOUT_RETURN_TYPE = YES_ERROR;
				GCC_WARN_UNDECLARED_SELECTOR = YES;
				GCC_WARN_UNINITIALIZED_AUTOS = YES;
				GCC_WARN_UNUSED_FUNCTION = YES;
				GCC_WARN_UNUSED_VARIABLE = YES;
				IPHONEOS_DEPLOYMENT_TARGET = 7.0;
				ONLY_ACTIVE_ARCH = YES;
				SDKROOT = iphoneos;
			};
			name = Debug;
		};
		ABF2AF1718BF451800E0D4D4 /* Release */ = {
			isa = XCBuildConfiguration;
			buildSettings = {
				ALWAYS_SEARCH_USER_PATHS = NO;
				ARCHS = "$(ARCHS_STANDARD_INCLUDING_64_BIT)";
				CLANG_CXX_LANGUAGE_STANDARD = "gnu++0x";
				CLANG_CXX_LIBRARY = "libc++";
				CLANG_ENABLE_MODULES = YES;
				CLANG_ENABLE_OBJC_ARC = YES;
				CLANG_WARN_BOOL_CONVERSION = YES;
				CLANG_WARN_CONSTANT_CONVERSION = YES;
				CLANG_WARN_DIRECT_OBJC_ISA_USAGE = YES_ERROR;
				CLANG_WARN_EMPTY_BODY = YES;
				CLANG_WARN_ENUM_CONVERSION = YES;
				CLANG_WARN_INT_CONVERSION = YES;
				CLANG_WARN_OBJC_ROOT_CLASS = YES_ERROR;
				CLANG_WARN__DUPLICATE_METHOD_MATCH = YES;
				"CODE_SIGN_IDENTITY[sdk=iphoneos*]" = "iPhone Developer";
				COPY_PHASE_STRIP = YES;
				ENABLE_NS_ASSERTIONS = NO;
				GCC_C_LANGUAGE_STANDARD = gnu99;
				GCC_WARN_64_TO_32_BIT_CONVERSION = YES;
				GCC_WARN_ABOUT_RETURN_TYPE = YES_ERROR;
				GCC_WARN_UNDECLARED_SELECTOR = YES;
				GCC_WARN_UNINITIALIZED_AUTOS = YES;
				GCC_WARN_UNUSED_FUNCTION = YES;
				GCC_WARN_UNUSED_VARIABLE = YES;
				IPHONEOS_DEPLOYMENT_TARGET = 7.0;
				SDKROOT = iphoneos;
				VALIDATE_PRODUCT = YES;
			};
			name = Release;
		};
		ABF2AF1918BF451800E0D4D4 /* Debug */ = {
			isa = XCBuildConfiguration;
			buildSettings = {
				ASSETCATALOG_COMPILER_APPICON_NAME = AppIcon;
				ASSETCATALOG_COMPILER_LAUNCHIMAGE_NAME = LaunchImage;
				CODE_SIGN_IDENTITY = "iPhone Developer: Weilong Song (LVH7K4MGSR)";
				GCC_PRECOMPILE_PREFIX_HEADER = YES;
				GCC_PREFIX_HEADER = "TestNetwork/TestNetwork-Prefix.pch";
				INFOPLIST_FILE = "TestNetwork/TestNetwork-Info.plist";
				IPHONEOS_DEPLOYMENT_TARGET = 6.0;
				PRODUCT_NAME = "$(TARGET_NAME)";
				PROVISIONING_PROFILE = "5E27D20C-A078-4F40-9C63-6682744573F4";
				WRAPPER_EXTENSION = app;
			};
			name = Debug;
		};
		ABF2AF1A18BF451800E0D4D4 /* Release */ = {
			isa = XCBuildConfiguration;
			buildSettings = {
				ASSETCATALOG_COMPILER_APPICON_NAME = AppIcon;
				ASSETCATALOG_COMPILER_LAUNCHIMAGE_NAME = LaunchImage;
				CODE_SIGN_IDENTITY = "iPhone Developer: Weilong Song (LVH7K4MGSR)";
				GCC_PRECOMPILE_PREFIX_HEADER = YES;
				GCC_PREFIX_HEADER = "TestNetwork/TestNetwork-Prefix.pch";
				INFOPLIST_FILE = "TestNetwork/TestNetwork-Info.plist";
				IPHONEOS_DEPLOYMENT_TARGET = 6.0;
				PRODUCT_NAME = "$(TARGET_NAME)";
				PROVISIONING_PROFILE = "5E27D20C-A078-4F40-9C63-6682744573F4";
				WRAPPER_EXTENSION = app;
			};
			name = Release;
		};
		ABF2AF1C18BF451800E0D4D4 /* Debug */ = {
			isa = XCBuildConfiguration;
			buildSettings = {
				ARCHS = "$(ARCHS_STANDARD_INCLUDING_64_BIT)";
				BUNDLE_LOADER = "$(BUILT_PRODUCTS_DIR)/TestNetwork.app/TestNetwork";
				FRAMEWORK_SEARCH_PATHS = (
					"$(SDKROOT)/Developer/Library/Frameworks",
					"$(inherited)",
					"$(DEVELOPER_FRAMEWORKS_DIR)",
				);
				GCC_PRECOMPILE_PREFIX_HEADER = YES;
				GCC_PREFIX_HEADER = "TestNetwork/TestNetwork-Prefix.pch";
				GCC_PREPROCESSOR_DEFINITIONS = (
					"DEBUG=1",
					"$(inherited)",
				);
				INFOPLIST_FILE = "TestNetworkTests/TestNetworkTests-Info.plist";
				PRODUCT_NAME = "$(TARGET_NAME)";
				TEST_HOST = "$(BUNDLE_LOADER)";
				WRAPPER_EXTENSION = xctest;
			};
			name = Debug;
		};
		ABF2AF1D18BF451800E0D4D4 /* Release */ = {
			isa = XCBuildConfiguration;
			buildSettings = {
				ARCHS = "$(ARCHS_STANDARD_INCLUDING_64_BIT)";
				BUNDLE_LOADER = "$(BUILT_PRODUCTS_DIR)/TestNetwork.app/TestNetwork";
				FRAMEWORK_SEARCH_PATHS = (
					"$(SDKROOT)/Developer/Library/Frameworks",
					"$(inherited)",
					"$(DEVELOPER_FRAMEWORKS_DIR)",
				);
				GCC_PRECOMPILE_PREFIX_HEADER = YES;
				GCC_PREFIX_HEADER = "TestNetwork/TestNetwork-Prefix.pch";
				INFOPLIST_FILE = "TestNetworkTests/TestNetworkTests-Info.plist";
				PRODUCT_NAME = "$(TARGET_NAME)";
				TEST_HOST = "$(BUNDLE_LOADER)";
				WRAPPER_EXTENSION = xctest;
			};
			name = Release;
		};
/* End XCBuildConfiguration section */

/* Begin XCConfigurationList section */
		ABF2AEE118BF451800E0D4D4 /* Build configuration list for PBXProject "TestNetwork" */ = {
			isa = XCConfigurationList;
			buildConfigurations = (
				ABF2AF1618BF451800E0D4D4 /* Debug */,
				ABF2AF1718BF451800E0D4D4 /* Release */,
			);
			defaultConfigurationIsVisible = 0;
			defaultConfigurationName = Release;
		};
		ABF2AF1818BF451800E0D4D4 /* Build configuration list for PBXNativeTarget "TestNetwork" */ = {
			isa = XCConfigurationList;
			buildConfigurations = (
				ABF2AF1918BF451800E0D4D4 /* Debug */,
				ABF2AF1A18BF451800E0D4D4 /* Release */,
			);
			defaultConfigurationIsVisible = 0;
			defaultConfigurationName = Release;
		};
		ABF2AF1B18BF451800E0D4D4 /* Build configuration list for PBXNativeTarget "TestNetworkTests" */ = {
			isa = XCConfigurationList;
			buildConfigurations = (
				ABF2AF1C18BF451800E0D4D4 /* Debug */,
				ABF2AF1D18BF451800E0D4D4 /* Release */,
			);
			defaultConfigurationIsVisible = 0;
			defaultConfigurationName = Release;
		};
/* End XCConfigurationList section */
	};
	rootObject = ABF2AEDE18BF451800E0D4D4 /* Project object */;
}
